// !$*UTF8*$!
{
	archiveVersion = 1;
	classes = {
	};
	objectVersion = 46;
	objects = {

/* Begin PBXBuildFile section */
		0A47588ED91C27B93C810A45 /* Pods_event1UITests.framework in Frameworks */ = {isa = PBXBuildFile; fileRef = 6609A3B13165C74E46969DA8 /* Pods_event1UITests.framework */; };
		1AB452B5B3E83B070EEC66C1 /* Pods_event1Tests.framework in Frameworks */ = {isa = PBXBuildFile; fileRef = CD1598FB596C3321622BEAE9 /* Pods_event1Tests.framework */; };
		2A823324137BA1137B6C9223 /* Pods_event1.framework in Frameworks */ = {isa = PBXBuildFile; fileRef = D02D0F45C8A8EED1EEEF3234 /* Pods_event1.framework */; };
		9B6514781F0B24C900C0E022 /* AppDelegate.swift in Sources */ = {isa = PBXBuildFile; fileRef = 9B6514771F0B24C900C0E022 /* AppDelegate.swift */; };
		9B65147A1F0B24C900C0E022 /* ViewController.swift in Sources */ = {isa = PBXBuildFile; fileRef = 9B6514791F0B24C900C0E022 /* ViewController.swift */; };
		9B65147D1F0B24C900C0E022 /* Main.storyboard in Resources */ = {isa = PBXBuildFile; fileRef = 9B65147B1F0B24C900C0E022 /* Main.storyboard */; };
		9B65147F1F0B24C900C0E022 /* Assets.xcassets in Resources */ = {isa = PBXBuildFile; fileRef = 9B65147E1F0B24C900C0E022 /* Assets.xcassets */; };
		9B6514821F0B24C900C0E022 /* LaunchScreen.storyboard in Resources */ = {isa = PBXBuildFile; fileRef = 9B6514801F0B24C900C0E022 /* LaunchScreen.storyboard */; };
		9B65148D1F0B24C900C0E022 /* event1Tests.swift in Sources */ = {isa = PBXBuildFile; fileRef = 9B65148C1F0B24C900C0E022 /* event1Tests.swift */; };
		9B6514981F0B24C900C0E022 /* event1UITests.swift in Sources */ = {isa = PBXBuildFile; fileRef = 9B6514971F0B24C900C0E022 /* event1UITests.swift */; };
		9B6514A91F0B28C200C0E022 /* pointsViewController.swift in Sources */ = {isa = PBXBuildFile; fileRef = 9B6514A81F0B28C200C0E022 /* pointsViewController.swift */; };
		9B6514AB1F0BCE3E00C0E022 /* GoogleService-Info.plist in Resources */ = {isa = PBXBuildFile; fileRef = 9B6514AA1F0BCE3E00C0E022 /* GoogleService-Info.plist */; };
		9B6514AD1F0BD3BE00C0E022 /* GoogleMobileAds.framework in Frameworks */ = {isa = PBXBuildFile; fileRef = 9B6514AC1F0BD3BE00C0E022 /* GoogleMobileAds.framework */; };
/* End PBXBuildFile section */

/* Begin PBXContainerItemProxy section */
		9B6514891F0B24C900C0E022 /* PBXContainerItemProxy */ = {
			isa = PBXContainerItemProxy;
			containerPortal = 9B65146C1F0B24C900C0E022 /* Project object */;
			proxyType = 1;
			remoteGlobalIDString = 9B6514731F0B24C900C0E022;
			remoteInfo = event1;
		};
		9B6514941F0B24C900C0E022 /* PBXContainerItemProxy */ = {
			isa = PBXContainerItemProxy;
			containerPortal = 9B65146C1F0B24C900C0E022 /* Project object */;
			proxyType = 1;
			remoteGlobalIDString = 9B6514731F0B24C900C0E022;
			remoteInfo = event1;
		};
/* End PBXContainerItemProxy section */

/* Begin PBXFileReference section */
		07455D406243A27AA34AA757 /* Pods-event1Tests.release.xcconfig */ = {isa = PBXFileReference; includeInIndex = 1; lastKnownFileType = text.xcconfig; name = "Pods-event1Tests.release.xcconfig"; path = "Pods/Target Support Files/Pods-event1Tests/Pods-event1Tests.release.xcconfig"; sourceTree = "<group>"; };
		6609A3B13165C74E46969DA8 /* Pods_event1UITests.framework */ = {isa = PBXFileReference; explicitFileType = wrapper.framework; includeInIndex = 0; path = Pods_event1UITests.framework; sourceTree = BUILT_PRODUCTS_DIR; };
		71732ED46D44BD9796AF49C7 /* Pods-event1UITests.release.xcconfig */ = {isa = PBXFileReference; includeInIndex = 1; lastKnownFileType = text.xcconfig; name = "Pods-event1UITests.release.xcconfig"; path = "Pods/Target Support Files/Pods-event1UITests/Pods-event1UITests.release.xcconfig"; sourceTree = "<group>"; };
		9B6514741F0B24C900C0E022 /* event1.app */ = {isa = PBXFileReference; explicitFileType = wrapper.application; includeInIndex = 0; path = event1.app; sourceTree = BUILT_PRODUCTS_DIR; };
		9B6514771F0B24C900C0E022 /* AppDelegate.swift */ = {isa = PBXFileReference; lastKnownFileType = sourcecode.swift; path = AppDelegate.swift; sourceTree = "<group>"; };
		9B6514791F0B24C900C0E022 /* ViewController.swift */ = {isa = PBXFileReference; lastKnownFileType = sourcecode.swift; path = ViewController.swift; sourceTree = "<group>"; };
		9B65147C1F0B24C900C0E022 /* Base */ = {isa = PBXFileReference; lastKnownFileType = file.storyboard; name = Base; path = Base.lproj/Main.storyboard; sourceTree = "<group>"; };
		9B65147E1F0B24C900C0E022 /* Assets.xcassets */ = {isa = PBXFileReference; lastKnownFileType = folder.assetcatalog; path = Assets.xcassets; sourceTree = "<group>"; };
		9B6514811F0B24C900C0E022 /* Base */ = {isa = PBXFileReference; lastKnownFileType = file.storyboard; name = Base; path = Base.lproj/LaunchScreen.storyboard; sourceTree = "<group>"; };
		9B6514831F0B24C900C0E022 /* Info.plist */ = {isa = PBXFileReference; lastKnownFileType = text.plist.xml; path = Info.plist; sourceTree = "<group>"; };
		9B6514881F0B24C900C0E022 /* event1Tests.xctest */ = {isa = PBXFileReference; explicitFileType = wrapper.cfbundle; includeInIndex = 0; path = event1Tests.xctest; sourceTree = BUILT_PRODUCTS_DIR; };
		9B65148C1F0B24C900C0E022 /* event1Tests.swift */ = {isa = PBXFileReference; lastKnownFileType = sourcecode.swift; path = event1Tests.swift; sourceTree = "<group>"; };
		9B65148E1F0B24C900C0E022 /* Info.plist */ = {isa = PBXFileReference; lastKnownFileType = text.plist.xml; path = Info.plist; sourceTree = "<group>"; };
		9B6514931F0B24C900C0E022 /* event1UITests.xctest */ = {isa = PBXFileReference; explicitFileType = wrapper.cfbundle; includeInIndex = 0; path = event1UITests.xctest; sourceTree = BUILT_PRODUCTS_DIR; };
		9B6514971F0B24C900C0E022 /* event1UITests.swift */ = {isa = PBXFileReference; lastKnownFileType = sourcecode.swift; path = event1UITests.swift; sourceTree = "<group>"; };
		9B6514991F0B24C900C0E022 /* Info.plist */ = {isa = PBXFileReference; lastKnownFileType = text.plist.xml; path = Info.plist; sourceTree = "<group>"; };
		9B6514A81F0B28C200C0E022 /* pointsViewController.swift */ = {isa = PBXFileReference; fileEncoding = 4; lastKnownFileType = sourcecode.swift; path = pointsViewController.swift; sourceTree = "<group>"; };
		9B6514AA1F0BCE3E00C0E022 /* GoogleService-Info.plist */ = {isa = PBXFileReference; fileEncoding = 4; lastKnownFileType = text.plist.xml; path = "GoogleService-Info.plist"; sourceTree = "<group>"; };
		9B6514AC1F0BD3BE00C0E022 /* GoogleMobileAds.framework */ = {isa = PBXFileReference; lastKnownFileType = wrapper.framework; path = GoogleMobileAds.framework; sourceTree = "<group>"; };
		9FD599633ACCF8A81729C950 /* Pods-event1.debug.xcconfig */ = {isa = PBXFileReference; includeInIndex = 1; lastKnownFileType = text.xcconfig; name = "Pods-event1.debug.xcconfig"; path = "Pods/Target Support Files/Pods-event1/Pods-event1.debug.xcconfig"; sourceTree = "<group>"; };
		AD07DD6BD35F71C94F44EC88 /* Pods-event1Tests.debug.xcconfig */ = {isa = PBXFileReference; includeInIndex = 1; lastKnownFileType = text.xcconfig; name = "Pods-event1Tests.debug.xcconfig"; path = "Pods/Target Support Files/Pods-event1Tests/Pods-event1Tests.debug.xcconfig"; sourceTree = "<group>"; };
		BC41DE8D0265BE0B01739292 /* Pods-event1UITests.debug.xcconfig */ = {isa = PBXFileReference; includeInIndex = 1; lastKnownFileType = text.xcconfig; name = "Pods-event1UITests.debug.xcconfig"; path = "Pods/Target Support Files/Pods-event1UITests/Pods-event1UITests.debug.xcconfig"; sourceTree = "<group>"; };
		CD1598FB596C3321622BEAE9 /* Pods_event1Tests.framework */ = {isa = PBXFileReference; explicitFileType = wrapper.framework; includeInIndex = 0; path = Pods_event1Tests.framework; sourceTree = BUILT_PRODUCTS_DIR; };
		D02D0F45C8A8EED1EEEF3234 /* Pods_event1.framework */ = {isa = PBXFileReference; explicitFileType = wrapper.framework; includeInIndex = 0; path = Pods_event1.framework; sourceTree = BUILT_PRODUCTS_DIR; };
		D5443A3D7CDA48363C13AED7 /* Pods-event1.release.xcconfig */ = {isa = PBXFileReference; includeInIndex = 1; lastKnownFileType = text.xcconfig; name = "Pods-event1.release.xcconfig"; path = "Pods/Target Support Files/Pods-event1/Pods-event1.release.xcconfig"; sourceTree = "<group>"; };
/* End PBXFileReference section */

/* Begin PBXFrameworksBuildPhase section */
		9B6514711F0B24C900C0E022 /* Frameworks */ = {
			isa = PBXFrameworksBuildPhase;
			buildActionMask = 2147483647;
			files = (
				9B6514AD1F0BD3BE00C0E022 /* GoogleMobileAds.framework in Frameworks */,
				2A823324137BA1137B6C9223 /* Pods_event1.framework in Frameworks */,
			);
			runOnlyForDeploymentPostprocessing = 0;
		};
		9B6514851F0B24C900C0E022 /* Frameworks */ = {
			isa = PBXFrameworksBuildPhase;
			buildActionMask = 2147483647;
			files = (
				1AB452B5B3E83B070EEC66C1 /* Pods_event1Tests.framework in Frameworks */,
			);
			runOnlyForDeploymentPostprocessing = 0;
		};
		9B6514901F0B24C900C0E022 /* Frameworks */ = {
			isa = PBXFrameworksBuildPhase;
			buildActionMask = 2147483647;
			files = (
				0A47588ED91C27B93C810A45 /* Pods_event1UITests.framework in Frameworks */,
			);
			runOnlyForDeploymentPostprocessing = 0;
		};
/* End PBXFrameworksBuildPhase section */

/* Begin PBXGroup section */
		9B65146B1F0B24C900C0E022 = {
			isa = PBXGroup;
			children = (
				9B6514761F0B24C900C0E022 /* event1 */,
				9B65148B1F0B24C900C0E022 /* event1Tests */,
				9B6514961F0B24C900C0E022 /* event1UITests */,
				9B6514751F0B24C900C0E022 /* Products */,
				9B6514A51F0B26B000C0E022 /* Frameworks */,
				F00B93C636D64C69494D6A24 /* Pods */,
			);
			sourceTree = "<group>";
		};
		9B6514751F0B24C900C0E022 /* Products */ = {
			isa = PBXGroup;
			children = (
				9B6514741F0B24C900C0E022 /* event1.app */,
				9B6514881F0B24C900C0E022 /* event1Tests.xctest */,
				9B6514931F0B24C900C0E022 /* event1UITests.xctest */,
			);
			name = Products;
			sourceTree = "<group>";
		};
		9B6514761F0B24C900C0E022 /* event1 */ = {
			isa = PBXGroup;
			children = (
				9B6514771F0B24C900C0E022 /* AppDelegate.swift */,
				9B6514A81F0B28C200C0E022 /* pointsViewController.swift */,
				9B6514791F0B24C900C0E022 /* ViewController.swift */,
				9B65147B1F0B24C900C0E022 /* Main.storyboard */,
				9B65147E1F0B24C900C0E022 /* Assets.xcassets */,
				9B6514801F0B24C900C0E022 /* LaunchScreen.storyboard */,
				9B6514AA1F0BCE3E00C0E022 /* GoogleService-Info.plist */,
				9B6514AC1F0BD3BE00C0E022 /* GoogleMobileAds.framework */,
				9B6514831F0B24C900C0E022 /* Info.plist */,
			);
			path = event1;
			sourceTree = "<group>";
		};
		9B65148B1F0B24C900C0E022 /* event1Tests */ = {
			isa = PBXGroup;
			children = (
				9B65148C1F0B24C900C0E022 /* event1Tests.swift */,
				9B65148E1F0B24C900C0E022 /* Info.plist */,
			);
			path = event1Tests;
			sourceTree = "<group>";
		};
		9B6514961F0B24C900C0E022 /* event1UITests */ = {
			isa = PBXGroup;
			children = (
				9B6514971F0B24C900C0E022 /* event1UITests.swift */,
				9B6514991F0B24C900C0E022 /* Info.plist */,
			);
			path = event1UITests;
			sourceTree = "<group>";
		};
		9B6514A51F0B26B000C0E022 /* Frameworks */ = {
			isa = PBXGroup;
			children = (
				D02D0F45C8A8EED1EEEF3234 /* Pods_event1.framework */,
				CD1598FB596C3321622BEAE9 /* Pods_event1Tests.framework */,
				6609A3B13165C74E46969DA8 /* Pods_event1UITests.framework */,
			);
			name = Frameworks;
			sourceTree = "<group>";
		};
		F00B93C636D64C69494D6A24 /* Pods */ = {
			isa = PBXGroup;
			children = (
				9FD599633ACCF8A81729C950 /* Pods-event1.debug.xcconfig */,
				D5443A3D7CDA48363C13AED7 /* Pods-event1.release.xcconfig */,
				AD07DD6BD35F71C94F44EC88 /* Pods-event1Tests.debug.xcconfig */,
				07455D406243A27AA34AA757 /* Pods-event1Tests.release.xcconfig */,
				BC41DE8D0265BE0B01739292 /* Pods-event1UITests.debug.xcconfig */,
				71732ED46D44BD9796AF49C7 /* Pods-event1UITests.release.xcconfig */,
			);
			name = Pods;
			sourceTree = "<group>";
		};
/* End PBXGroup section */

/* Begin PBXNativeTarget section */
		9B6514731F0B24C900C0E022 /* event1 */ = {
			isa = PBXNativeTarget;
			buildConfigurationList = 9B65149C1F0B24C900C0E022 /* Build configuration list for PBXNativeTarget "event1" */;
			buildPhases = (
				41CAA1D0D08A6C3242F5D824 /* [CP] Check Pods Manifest.lock */,
				9B6514701F0B24C900C0E022 /* Sources */,
				9B6514711F0B24C900C0E022 /* Frameworks */,
				9B6514721F0B24C900C0E022 /* Resources */,
				330EDF1D4FEA6ECD604A1EB1 /* [CP] Embed Pods Frameworks */,
				1A5E485C5DF23E78DB867866 /* [CP] Copy Pods Resources */,
			);
			buildRules = (
			);
			dependencies = (
			);
			name = event1;
			productName = event1;
			productReference = 9B6514741F0B24C900C0E022 /* event1.app */;
			productType = "com.apple.product-type.application";
		};
		9B6514871F0B24C900C0E022 /* event1Tests */ = {
			isa = PBXNativeTarget;
			buildConfigurationList = 9B65149F1F0B24C900C0E022 /* Build configuration list for PBXNativeTarget "event1Tests" */;
			buildPhases = (
				E53D1B2129A7842B4F67BAB2 /* [CP] Check Pods Manifest.lock */,
				9B6514841F0B24C900C0E022 /* Sources */,
				9B6514851F0B24C900C0E022 /* Frameworks */,
				9B6514861F0B24C900C0E022 /* Resources */,
				2C6DFA0A76DD398A3C96BC78 /* [CP] Embed Pods Frameworks */,
				CEE1CE1077A9C3D6C05D28B9 /* [CP] Copy Pods Resources */,
			);
			buildRules = (
			);
			dependencies = (
				9B65148A1F0B24C900C0E022 /* PBXTargetDependency */,
			);
			name = event1Tests;
			productName = event1Tests;
			productReference = 9B6514881F0B24C900C0E022 /* event1Tests.xctest */;
			productType = "com.apple.product-type.bundle.unit-test";
		};
		9B6514921F0B24C900C0E022 /* event1UITests */ = {
			isa = PBXNativeTarget;
			buildConfigurationList = 9B6514A21F0B24C900C0E022 /* Build configuration list for PBXNativeTarget "event1UITests" */;
			buildPhases = (
				99885F1C6CE1DB241E0332F0 /* [CP] Check Pods Manifest.lock */,
				9B65148F1F0B24C900C0E022 /* Sources */,
				9B6514901F0B24C900C0E022 /* Frameworks */,
				9B6514911F0B24C900C0E022 /* Resources */,
				C4A3474177C8512AE4F8C4C6 /* [CP] Embed Pods Frameworks */,
				DFFA993500BF729461853153 /* [CP] Copy Pods Resources */,
			);
			buildRules = (
			);
			dependencies = (
				9B6514951F0B24C900C0E022 /* PBXTargetDependency */,
			);
			name = event1UITests;
			productName = event1UITests;
			productReference = 9B6514931F0B24C900C0E022 /* event1UITests.xctest */;
			productType = "com.apple.product-type.bundle.ui-testing";
		};
/* End PBXNativeTarget section */

/* Begin PBXProject section */
		9B65146C1F0B24C900C0E022 /* Project object */ = {
			isa = PBXProject;
			attributes = {
				LastSwiftUpdateCheck = 0830;
				LastUpgradeCheck = 0830;
				ORGANIZATIONNAME = SUGAPP;
				TargetAttributes = {
					9B6514731F0B24C900C0E022 = {
						CreatedOnToolsVersion = 8.3.3;
						DevelopmentTeam = UL725DMG9K;
						ProvisioningStyle = Automatic;
						SystemCapabilities = {
							com.apple.InAppPurchase = {
								enabled = 0;
							};
						};
					};
					9B6514871F0B24C900C0E022 = {
						CreatedOnToolsVersion = 8.3.3;
						DevelopmentTeam = UL725DMG9K;
						ProvisioningStyle = Automatic;
						TestTargetID = 9B6514731F0B24C900C0E022;
					};
					9B6514921F0B24C900C0E022 = {
						CreatedOnToolsVersion = 8.3.3;
						DevelopmentTeam = UL725DMG9K;
						ProvisioningStyle = Automatic;
						TestTargetID = 9B6514731F0B24C900C0E022;
					};
				};
			};
			buildConfigurationList = 9B65146F1F0B24C900C0E022 /* Build configuration list for PBXProject "event1" */;
			compatibilityVersion = "Xcode 3.2";
			developmentRegion = English;
			hasScannedForEncodings = 0;
			knownRegions = (
				en,
				Base,
			);
			mainGroup = 9B65146B1F0B24C900C0E022;
			productRefGroup = 9B6514751F0B24C900C0E022 /* Products */;
			projectDirPath = "";
			projectRoot = "";
			targets = (
				9B6514731F0B24C900C0E022 /* event1 */,
				9B6514871F0B24C900C0E022 /* event1Tests */,
				9B6514921F0B24C900C0E022 /* event1UITests */,
			);
		};
/* End PBXProject section */

/* Begin PBXResourcesBuildPhase section */
		9B6514721F0B24C900C0E022 /* Resources */ = {
			isa = PBXResourcesBuildPhase;
			buildActionMask = 2147483647;
			files = (
				9B6514821F0B24C900C0E022 /* LaunchScreen.storyboard in Resources */,
				9B6514AB1F0BCE3E00C0E022 /* GoogleService-Info.plist in Resources */,
				9B65147F1F0B24C900C0E022 /* Assets.xcassets in Resources */,
				9B65147D1F0B24C900C0E022 /* Main.storyboard in Resources */,
			);
			runOnlyForDeploymentPostprocessing = 0;
		};
		9B6514861F0B24C900C0E022 /* Resources */ = {
			isa = PBXResourcesBuildPhase;
			buildActionMask = 2147483647;
			files = (
			);
			runOnlyForDeploymentPostprocessing = 0;
		};
		9B6514911F0B24C900C0E022 /* Resources */ = {
			isa = PBXResourcesBuildPhase;
			buildActionMask = 2147483647;
			files = (
			);
			runOnlyForDeploymentPostprocessing = 0;
		};
/* End PBXResourcesBuildPhase section */

/* Begin PBXShellScriptBuildPhase section */
		1A5E485C5DF23E78DB867866 /* [CP] Copy Pods Resources */ = {
			isa = PBXShellScriptBuildPhase;
			buildActionMask = 2147483647;
			files = (
			);
			inputPaths = (
			);
			name = "[CP] Copy Pods Resources";
			outputPaths = (
			);
			runOnlyForDeploymentPostprocessing = 0;
			shellPath = /bin/sh;
			shellScript = "\"${SRCROOT}/Pods/Target Support Files/Pods-event1/Pods-event1-resources.sh\"\n";
			showEnvVarsInLog = 0;
		};
		2C6DFA0A76DD398A3C96BC78 /* [CP] Embed Pods Frameworks */ = {
			isa = PBXShellScriptBuildPhase;
			buildActionMask = 2147483647;
			files = (
			);
			inputPaths = (
			);
			name = "[CP] Embed Pods Frameworks";
			outputPaths = (
			);
			runOnlyForDeploymentPostprocessing = 0;
			shellPath = /bin/sh;
			shellScript = "\"${SRCROOT}/Pods/Target Support Files/Pods-event1Tests/Pods-event1Tests-frameworks.sh\"\n";
			showEnvVarsInLog = 0;
		};
		330EDF1D4FEA6ECD604A1EB1 /* [CP] Embed Pods Frameworks */ = {
			isa = PBXShellScriptBuildPhase;
			buildActionMask = 2147483647;
			files = (
			);
			inputPaths = (
			);
			name = "[CP] Embed Pods Frameworks";
			outputPaths = (
			);
			runOnlyForDeploymentPostprocessing = 0;
			shellPath = /bin/sh;
			shellScript = "\"${SRCROOT}/Pods/Target Support Files/Pods-event1/Pods-event1-frameworks.sh\"\n";
			showEnvVarsInLog = 0;
		};
		41CAA1D0D08A6C3242F5D824 /* [CP] Check Pods Manifest.lock */ = {
			isa = PBXShellScriptBuildPhase;
			buildActionMask = 2147483647;
			files = (
			);
			inputPaths = (
			);
			name = "[CP] Check Pods Manifest.lock";
			outputPaths = (
			);
			runOnlyForDeploymentPostprocessing = 0;
			shellPath = /bin/sh;
			shellScript = "diff \"${PODS_PODFILE_DIR_PATH}/Podfile.lock\" \"${PODS_ROOT}/Manifest.lock\" > /dev/null\nif [ $? != 0 ] ; then\n    # print error to STDERR\n    echo \"error: The sandbox is not in sync with the Podfile.lock. Run 'pod install' or update your CocoaPods installation.\" >&2\n    exit 1\nfi\n";
			showEnvVarsInLog = 0;
		};
		99885F1C6CE1DB241E0332F0 /* [CP] Check Pods Manifest.lock */ = {
			isa = PBXShellScriptBuildPhase;
			buildActionMask = 2147483647;
			files = (
			);
			inputPaths = (
			);
			name = "[CP] Check Pods Manifest.lock";
			outputPaths = (
			);
			runOnlyForDeploymentPostprocessing = 0;
			shellPath = /bin/sh;
			shellScript = "diff \"${PODS_PODFILE_DIR_PATH}/Podfile.lock\" \"${PODS_ROOT}/Manifest.lock\" > /dev/null\nif [ $? != 0 ] ; then\n    # print error to STDERR\n    echo \"error: The sandbox is not in sync with the Podfile.lock. Run 'pod install' or update your CocoaPods installation.\" >&2\n    exit 1\nfi\n";
			showEnvVarsInLog = 0;
		};
		C4A3474177C8512AE4F8C4C6 /* [CP] Embed Pods Frameworks */ = {
			isa = PBXShellScriptBuildPhase;
			buildActionMask = 2147483647;
			files = (
			);
			inputPaths = (
			);
			name = "[CP] Embed Pods Frameworks";
			outputPaths = (
			);
			runOnlyForDeploymentPostprocessing = 0;
			shellPath = /bin/sh;
			shellScript = "\"${SRCROOT}/Pods/Target Support Files/Pods-event1UITests/Pods-event1UITests-frameworks.sh\"\n";
			showEnvVarsInLog = 0;
		};
		CEE1CE1077A9C3D6C05D28B9 /* [CP] Copy Pods Resources */ = {
			isa = PBXShellScriptBuildPhase;
			buildActionMask = 2147483647;
			files = (
			);
			inputPaths = (
			);
			name = "[CP] Copy Pods Resources";
			outputPaths = (
			);
			runOnlyForDeploymentPostprocessing = 0;
			shellPath = /bin/sh;
			shellScript = "\"${SRCROOT}/Pods/Target Support Files/Pods-event1Tests/Pods-event1Tests-resources.sh\"\n";
			showEnvVarsInLog = 0;
		};
		DFFA993500BF729461853153 /* [CP] Copy Pods Resources */ = {
			isa = PBXShellScriptBuildPhase;
			buildActionMask = 2147483647;
			files = (
			);
			inputPaths = (
			);
			name = "[CP] Copy Pods Resources";
			outputPaths = (
			);
			runOnlyForDeploymentPostprocessing = 0;
			shellPath = /bin/sh;
			shellScript = "\"${SRCROOT}/Pods/Target Support Files/Pods-event1UITests/Pods-event1UITests-resources.sh\"\n";
			showEnvVarsInLog = 0;
		};
		E53D1B2129A7842B4F67BAB2 /* [CP] Check Pods Manifest.lock */ = {
			isa = PBXShellScriptBuildPhase;
			buildActionMask = 2147483647;
			files = (
			);
			inputPaths = (
			);
			name = "[CP] Check Pods Manifest.lock";
			outputPaths = (
			);
			runOnlyForDeploymentPostprocessing = 0;
			shellPath = /bin/sh;
			shellScript = "diff \"${PODS_PODFILE_DIR_PATH}/Podfile.lock\" \"${PODS_ROOT}/Manifest.lock\" > /dev/null\nif [ $? != 0 ] ; then\n    # print error to STDERR\n    echo \"error: The sandbox is not in sync with the Podfile.lock. Run 'pod install' or update your CocoaPods installation.\" >&2\n    exit 1\nfi\n";
			showEnvVarsInLog = 0;
		};
/* End PBXShellScriptBuildPhase section */

/* Begin PBXSourcesBuildPhase section */
		9B6514701F0B24C900C0E022 /* Sources */ = {
			isa = PBXSourcesBuildPhase;
			buildActionMask = 2147483647;
			files = (
				9B65147A1F0B24C900C0E022 /* ViewController.swift in Sources */,
				9B6514781F0B24C900C0E022 /* AppDelegate.swift in Sources */,
				9B6514A91F0B28C200C0E022 /* pointsViewController.swift in Sources */,
			);
			runOnlyForDeploymentPostprocessing = 0;
		};
		9B6514841F0B24C900C0E022 /* Sources */ = {
			isa = PBXSourcesBuildPhase;
			buildActionMask = 2147483647;
			files = (
				9B65148D1F0B24C900C0E022 /* event1Tests.swift in Sources */,
			);
			runOnlyForDeploymentPostprocessing = 0;
		};
		9B65148F1F0B24C900C0E022 /* Sources */ = {
			isa = PBXSourcesBuildPhase;
			buildActionMask = 2147483647;
			files = (
				9B6514981F0B24C900C0E022 /* event1UITests.swift in Sources */,
			);
			runOnlyForDeploymentPostprocessing = 0;
		};
/* End PBXSourcesBuildPhase section */

/* Begin PBXTargetDependency section */
		9B65148A1F0B24C900C0E022 /* PBXTargetDependency */ = {
			isa = PBXTargetDependency;
			target = 9B6514731F0B24C900C0E022 /* event1 */;
			targetProxy = 9B6514891F0B24C900C0E022 /* PBXContainerItemProxy */;
		};
		9B6514951F0B24C900C0E022 /* PBXTargetDependency */ = {
			isa = PBXTargetDependency;
			target = 9B6514731F0B24C900C0E022 /* event1 */;
			targetProxy = 9B6514941F0B24C900C0E022 /* PBXContainerItemProxy */;
		};
/* End PBXTargetDependency section */

/* Begin PBXVariantGroup section */
		9B65147B1F0B24C900C0E022 /* Main.storyboard */ = {
			isa = PBXVariantGroup;
			children = (
				9B65147C1F0B24C900C0E022 /* Base */,
			);
			name = Main.storyboard;
			sourceTree = "<group>";
		};
		9B6514801F0B24C900C0E022 /* LaunchScreen.storyboard */ = {
			isa = PBXVariantGroup;
			children = (
				9B6514811F0B24C900C0E022 /* Base */,
			);
			name = LaunchScreen.storyboard;
			sourceTree = "<group>";
		};
/* End PBXVariantGroup section */

/* Begin XCBuildConfiguration section */
		9B65149A1F0B24C900C0E022 /* Debug */ = {
			isa = XCBuildConfiguration;
			buildSettings = {
				ALWAYS_SEARCH_USER_PATHS = NO;
				CLANG_ANALYZER_NONNULL = YES;
				CLANG_ANALYZER_NUMBER_OBJECT_CONVERSION = YES_AGGRESSIVE;
				CLANG_CXX_LANGUAGE_STANDARD = "gnu++0x";
				CLANG_CXX_LIBRARY = "libc++";
				CLANG_ENABLE_MODULES = YES;
				CLANG_ENABLE_OBJC_ARC = YES;
				CLANG_WARN_BOOL_CONVERSION = YES;
				CLANG_WARN_CONSTANT_CONVERSION = YES;
				CLANG_WARN_DIRECT_OBJC_ISA_USAGE = YES_ERROR;
				CLANG_WARN_DOCUMENTATION_COMMENTS = YES;
				CLANG_WARN_EMPTY_BODY = YES;
				CLANG_WARN_ENUM_CONVERSION = YES;
				CLANG_WARN_INFINITE_RECURSION = YES;
				CLANG_WARN_INT_CONVERSION = YES;
				CLANG_WARN_OBJC_ROOT_CLASS = YES_ERROR;
				CLANG_WARN_SUSPICIOUS_MOVE = YES;
				CLANG_WARN_UNREACHABLE_CODE = YES;
				CLANG_WARN__DUPLICATE_METHOD_MATCH = YES;
				"CODE_SIGN_IDENTITY[sdk=iphoneos*]" = "iPhone Developer";
				COPY_PHASE_STRIP = NO;
				DEBUG_INFORMATION_FORMAT = dwarf;
				ENABLE_STRICT_OBJC_MSGSEND = YES;
				ENABLE_TESTABILITY = YES;
				GCC_C_LANGUAGE_STANDARD = gnu99;
				GCC_DYNAMIC_NO_PIC = NO;
				GCC_NO_COMMON_BLOCKS = YES;
				GCC_OPTIMIZATION_LEVEL = 0;
				GCC_PREPROCESSOR_DEFINITIONS = (
					"DEBUG=1",
					"$(inherited)",
				);
				GCC_WARN_64_TO_32_BIT_CONVERSION = YES;
				GCC_WARN_ABOUT_RETURN_TYPE = YES_ERROR;
				GCC_WARN_UNDECLARED_SELECTOR = YES;
				GCC_WARN_UNINITIALIZED_AUTOS = YES_AGGRESSIVE;
				GCC_WARN_UNUSED_FUNCTION = YES;
				GCC_WARN_UNUSED_VARIABLE = YES;
				IPHONEOS_DEPLOYMENT_TARGET = 10.3;
				MTL_ENABLE_DEBUG_INFO = YES;
				ONLY_ACTIVE_ARCH = YES;
				SDKROOT = iphoneos;
				SWIFT_ACTIVE_COMPILATION_CONDITIONS = DEBUG;
				SWIFT_OPTIMIZATION_LEVEL = "-Onone";
				TARGETED_DEVICE_FAMILY = "1,2";
			};
			name = Debug;
		};
		9B65149B1F0B24C900C0E022 /* Release */ = {
			isa = XCBuildConfiguration;
			buildSettings = {
				ALWAYS_SEARCH_USER_PATHS = NO;
				CLANG_ANALYZER_NONNULL = YES;
				CLANG_ANALYZER_NUMBER_OBJECT_CONVERSION = YES_AGGRESSIVE;
				CLANG_CXX_LANGUAGE_STANDARD = "gnu++0x";
				CLANG_CXX_LIBRARY = "libc++";
				CLANG_ENABLE_MODULES = YES;
				CLANG_ENABLE_OBJC_ARC = YES;
				CLANG_WARN_BOOL_CONVERSION = YES;
				CLANG_WARN_CONSTANT_CONVERSION = YES;
				CLANG_WARN_DIRECT_OBJC_ISA_USAGE = YES_ERROR;
				CLANG_WARN_DOCUMENTATION_COMMENTS = YES;
				CLANG_WARN_EMPTY_BODY = YES;
				CLANG_WARN_ENUM_CONVERSION = YES;
				CLANG_WARN_INFINITE_RECURSION = YES;
				CLANG_WARN_INT_CONVERSION = YES;
				CLANG_WARN_OBJC_ROOT_CLASS = YES_ERROR;
				CLANG_WARN_SUSPICIOUS_MOVE = YES;
				CLANG_WARN_UNREACHABLE_CODE = YES;
				CLANG_WARN__DUPLICATE_METHOD_MATCH = YES;
				"CODE_SIGN_IDENTITY[sdk=iphoneos*]" = "iPhone Developer";
				COPY_PHASE_STRIP = NO;
				DEBUG_INFORMATION_FORMAT = "dwarf-with-dsym";
				ENABLE_NS_ASSERTIONS = NO;
				ENABLE_STRICT_OBJC_MSGSEND = YES;
				GCC_C_LANGUAGE_STANDARD = gnu99;
				GCC_NO_COMMON_BLOCKS = YES;
				GCC_WARN_64_TO_32_BIT_CONVERSION = YES;
				GCC_WARN_ABOUT_RETURN_TYPE = YES_ERROR;
				GCC_WARN_UNDECLARED_SELECTOR = YES;
				GCC_WARN_UNINITIALIZED_AUTOS = YES_AGGRESSIVE;
				GCC_WARN_UNUSED_FUNCTION = YES;
				GCC_WARN_UNUSED_VARIABLE = YES;
				IPHONEOS_DEPLOYMENT_TARGET = 10.3;
				MTL_ENABLE_DEBUG_INFO = NO;
				SDKROOT = iphoneos;
				SWIFT_OPTIMIZATION_LEVEL = "-Owholemodule";
				TARGETED_DEVICE_FAMILY = "1,2";
				VALIDATE_PRODUCT = YES;
			};
			name = Release;
		};
		9B65149D1F0B24C900C0E022 /* Debug */ = {
			isa = XCBuildConfiguration;
			baseConfigurationReference = 9FD599633ACCF8A81729C950 /* Pods-event1.debug.xcconfig */;
			buildSettings = {
				ASSETCATALOG_COMPILER_APPICON_NAME = AppIcon;
				DEVELOPMENT_TEAM = UL725DMG9K;
				FRAMEWORK_SEARCH_PATHS = (
					"$(inherited)",
					"$(PROJECT_DIR)/event1",
				);
				INFOPLIST_FILE = event1/Info.plist;
				LD_RUNPATH_SEARCH_PATHS = "$(inherited) @executable_path/Frameworks";
				PRODUCT_BUNDLE_IDENTIFIER = sugapp.event1;
				PRODUCT_NAME = "$(TARGET_NAME)";
				SWIFT_VERSION = 3.0;
			};
			name = Debug;
		};
		9B65149E1F0B24C900C0E022 /* Release */ = {
			isa = XCBuildConfiguration;
			baseConfigurationReference = D5443A3D7CDA48363C13AED7 /* Pods-event1.release.xcconfig */;
			buildSettings = {
				ASSETCATALOG_COMPILER_APPICON_NAME = AppIcon;
				DEVELOPMENT_TEAM = UL725DMG9K;
				FRAMEWORK_SEARCH_PATHS = (
					"$(inherited)",
					"$(PROJECT_DIR)/event1",
				);
				INFOPLIST_FILE = event1/Info.plist;
				LD_RUNPATH_SEARCH_PATHS = "$(inherited) @executable_path/Frameworks";
				PRODUCT_BUNDLE_IDENTIFIER = sugapp.event1;
				PRODUCT_NAME = "$(TARGET_NAME)";
				SWIFT_VERSION = 3.0;
			};
			name = Release;
		};
		9B6514A01F0B24C900C0E022 /* Debug */ = {
			isa = XCBuildConfiguration;
			baseConfigurationReference = AD07DD6BD35F71C94F44EC88 /* Pods-event1Tests.debug.xcconfig */;
			buildSettings = {
				ALWAYS_EMBED_SWIFT_STANDARD_LIBRARIES = YES;
				BUNDLE_LOADER = "$(TEST_HOST)";
				DEVELOPMENT_TEAM = UL725DMG9K;
				INFOPLIST_FILE = event1Tests/Info.plist;
				LD_RUNPATH_SEARCH_PATHS = "$(inherited) @executable_path/Frameworks @loader_path/Frameworks";
				PRODUCT_BUNDLE_IDENTIFIER = sugapp.event1Tests;
				PRODUCT_NAME = "$(TARGET_NAME)";
				SWIFT_VERSION = 3.0;
				TEST_HOST = "$(BUILT_PRODUCTS_DIR)/event1.app/event1";
			};
			name = Debug;
		};
		9B6514A11F0B24C900C0E022 /* Release */ = {
			isa = XCBuildConfiguration;
			baseConfigurationReference = 07455D406243A27AA34AA757 /* Pods-event1Tests.release.xcconfig */;
			buildSettings = {
				ALWAYS_EMBED_SWIFT_STANDARD_LIBRARIES = YES;
				BUNDLE_LOADER = "$(TEST_HOST)";
				DEVELOPMENT_TEAM = UL725DMG9K;
				INFOPLIST_FILE = event1Tests/Info.plist;
				LD_RUNPATH_SEARCH_PATHS = "$(inherited) @executable_path/Frameworks @loader_path/Frameworks";
				PRODUCT_BUNDLE_IDENTIFIER = sugapp.event1Tests;
				PRODUCT_NAME = "$(TARGET_NAME)";
				SWIFT_VERSION = 3.0;
				TEST_HOST = "$(BUILT_PRODUCTS_DIR)/event1.app/event1";
			};
			name = Release;
		};
		9B6514A31F0B24C900C0E022 /* Debug */ = {
			isa = XCBuildConfiguration;
			baseConfigurationReference = BC41DE8D0265BE0B01739292 /* Pods-event1UITests.debug.xcconfig */;
			buildSettings = {
				ALWAYS_EMBED_SWIFT_STANDARD_LIBRARIES = YES;
				DEVELOPMENT_TEAM = UL725DMG9K;
				INFOPLIST_FILE = event1UITests/Info.plist;
				LD_RUNPATH_SEARCH_PATHS = "$(inherited) @executable_path/Frameworks @loader_path/Frameworks";
				PRODUCT_BUNDLE_IDENTIFIER = sugapp.event1UITests;
				PRODUCT_NAME = "$(TARGET_NAME)";
				SWIFT_VERSION = 3.0;
				TEST_TARGET_NAME = event1;
			};
			name = Debug;
		};
		9B6514A41F0B24C900C0E022 /* Release */ = {
			isa = XCBuildConfiguration;
			baseConfigurationReference = 71732ED46D44BD9796AF49C7 /* Pods-event1UITests.release.xcconfig */;
			buildSettings = {
				ALWAYS_EMBED_SWIFT_STANDARD_LIBRARIES = YES;
				DEVELOPMENT_TEAM = UL725DMG9K;
				INFOPLIST_FILE = event1UITests/Info.plist;
				LD_RUNPATH_SEARCH_PATHS = "$(inherited) @executable_path/Frameworks @loader_path/Frameworks";
				PRODUCT_BUNDLE_IDENTIFIER = sugapp.event1UITests;
				PRODUCT_NAME = "$(TARGET_NAME)";
				SWIFT_VERSION = 3.0;
				TEST_TARGET_NAME = event1;
			};
			name = Release;
		};
/* End XCBuildConfiguration section */

/* Begin XCConfigurationList section */
		9B65146F1F0B24C900C0E022 /* Build configuration list for PBXProject "event1" */ = {
			isa = XCConfigurationList;
			buildConfigurations = (
				9B65149A1F0B24C900C0E022 /* Debug */,
				9B65149B1F0B24C900C0E022 /* Release */,
			);
			defaultConfigurationIsVisible = 0;
			defaultConfigurationName = Release;
		};
		9B65149C1F0B24C900C0E022 /* Build configuration list for PBXNativeTarget "event1" */ = {
			isa = XCConfigurationList;
			buildConfigurations = (
				9B65149D1F0B24C900C0E022 /* Debug */,
				9B65149E1F0B24C900C0E022 /* Release */,
			);
			defaultConfigurationIsVisible = 0;
			defaultConfigurationName = Release;
		};
		9B65149F1F0B24C900C0E022 /* Build configuration list for PBXNativeTarget "event1Tests" */ = {
			isa = XCConfigurationList;
			buildConfigurations = (
				9B6514A01F0B24C900C0E022 /* Debug */,
				9B6514A11F0B24C900C0E022 /* Release */,
			);
			defaultConfigurationIsVisible = 0;
			defaultConfigurationName = Release;
		};
		9B6514A21F0B24C900C0E022 /* Build configuration list for PBXNativeTarget "event1UITests" */ = {
			isa = XCConfigurationList;
			buildConfigurations = (
				9B6514A31F0B24C900C0E022 /* Debug */,
				9B6514A41F0B24C900C0E022 /* Release */,
			);
			defaultConfigurationIsVisible = 0;
			defaultConfigurationName = Release;
		};
/* End XCConfigurationList section */
	};
	rootObject = 9B65146C1F0B24C900C0E022 /* Project object */;
}
